
Microsoft Visual Studio Solution File, Format Version 12.00
# Visual Studio Version 17
VisualStudioVersion = 17.9.34701.34
MinimumVisualStudioVersion = 10.0.40219.1
Project("{2150E333-8FDC-42A3-9474-1A3956D46DE8}") = "Core", "Core", "{7DADCCE6-462C-4B77-9A94-D716F0DF5CEB}"
EndProject
Project("{2150E333-8FDC-42A3-9474-1A3956D46DE8}") = "Presentation", "Presentation", "{94730BC0-3232-465D-8EA3-145A9A694549}"
EndProject
Project("{2150E333-8FDC-42A3-9474-1A3956D46DE8}") = "Infrastructure", "Infrastructure", "{E4CAEC67-17D7-4528-ADA7-6EF5C65C344F}"
EndProject
Project("{FAE04EC0-301F-11D3-BF4B-00C04F79EFBC}") = "MediatrCRUDService.Domain", "Core\MediatrCRUDService.Domain\MediatrCRUDService.Domain.csproj", "{CD11ACD2-BECE-4017-B3C5-91FE9FD0D3EE}"
EndProject
Project("{FAE04EC0-301F-11D3-BF4B-00C04F79EFBC}") = "MediatrCRUDService.Application", "Core\MediatrCRUDService.Application\MediatrCRUDService.Application.csproj", "{863CEBAE-35F3-4BD1-AE7A-18AFEE267EBE}"
EndProject
Project("{FAE04EC0-301F-11D3-BF4B-00C04F79EFBC}") = "MediatrCRUDService.Infrastructure", "Infrastructure\MediatrCRUDService.Infrastructure\MediatrCRUDService.Infrastructure.csproj", "{D37BC87F-6CCF-44EC-98B9-097737845A01}"
EndProject
Project("{FAE04EC0-301F-11D3-BF4B-00C04F79EFBC}") = "MediatrCRUDService.Persistence", "Infrastructure\MediatrCRUDService.Persistence\MediatrCRUDService.Persistence.csproj", "{830477CC-4674-4881-B8F5-94566DE5D0A8}"
EndProject
Project("{FAE04EC0-301F-11D3-BF4B-00C04F79EFBC}") = "MediatrCRUDService.Api", "Presentation\MediatrCRUDService.Api\MediatrCRUDService.Api.csproj", "{9F30B2D4-90C8-4CA9-9EA2-372E55BB4321}"
EndProject
Global
	GlobalSection(SolutionConfigurationPlatforms) = preSolution
		Debug|Any CPU = Debug|Any CPU
		Release|Any CPU = Release|Any CPU
	EndGlobalSection
	GlobalSection(ProjectConfigurationPlatforms) = postSolution
		{CD11ACD2-BECE-4017-B3C5-91FE9FD0D3EE}.Debug|Any CPU.ActiveCfg = Debug|Any CPU
		{CD11ACD2-BECE-4017-B3C5-91FE9FD0D3EE}.Debug|Any CPU.Build.0 = Debug|Any CPU
		{CD11ACD2-BECE-4017-B3C5-91FE9FD0D3EE}.Release|Any CPU.ActiveCfg = Release|Any CPU
		{CD11ACD2-BECE-4017-B3C5-91FE9FD0D3EE}.Release|Any CPU.Build.0 = Release|Any CPU
		{863CEBAE-35F3-4BD1-AE7A-18AFEE267EBE}.Debug|Any CPU.ActiveCfg = Debug|Any CPU
		{863CEBAE-35F3-4BD1-AE7A-18AFEE267EBE}.Debug|Any CPU.Build.0 = Debug|Any CPU
		{863CEBAE-35F3-4BD1-AE7A-18AFEE267EBE}.Release|Any CPU.ActiveCfg = Release|Any CPU
		{863CEBAE-35F3-4BD1-AE7A-18AFEE267EBE}.Release|Any CPU.Build.0 = Release|Any CPU
		{D37BC87F-6CCF-44EC-98B9-097737845A01}.Debug|Any CPU.ActiveCfg = Debug|Any CPU
		{D37BC87F-6CCF-44EC-98B9-097737845A01}.Debug|Any CPU.Build.0 = Debug|Any CPU
		{D37BC87F-6CCF-44EC-98B9-097737845A01}.Release|Any CPU.ActiveCfg = Release|Any CPU
		{D37BC87F-6CCF-44EC-98B9-097737845A01}.Release|Any CPU.Build.0 = Release|Any CPU
		{830477CC-4674-4881-B8F5-94566DE5D0A8}.Debug|Any CPU.ActiveCfg = Debug|Any CPU
		{830477CC-4674-4881-B8F5-94566DE5D0A8}.Debug|Any CPU.Build.0 = Debug|Any CPU
		{830477CC-4674-4881-B8F5-94566DE5D0A8}.Release|Any CPU.ActiveCfg = Release|Any CPU
		{830477CC-4674-4881-B8F5-94566DE5D0A8}.Release|Any CPU.Build.0 = Release|Any CPU
		{9F30B2D4-90C8-4CA9-9EA2-372E55BB4321}.Debug|Any CPU.ActiveCfg = Debug|Any CPU
		{9F30B2D4-90C8-4CA9-9EA2-372E55BB4321}.Debug|Any CPU.Build.0 = Debug|Any CPU
		{9F30B2D4-90C8-4CA9-9EA2-372E55BB4321}.Release|Any CPU.ActiveCfg = Release|Any CPU
		{9F30B2D4-90C8-4CA9-9EA2-372E55BB4321}.Release|Any CPU.Build.0 = Release|Any CPU
	EndGlobalSection
	GlobalSection(SolutionProperties) = preSolution
		HideSolutionNode = FALSE
	EndGlobalSection
	GlobalSection(NestedProjects) = preSolution
		{CD11ACD2-BECE-4017-B3C5-91FE9FD0D3EE} = {7DADCCE6-462C-4B77-9A94-D716F0DF5CEB}
		{863CEBAE-35F3-4BD1-AE7A-18AFEE267EBE} = {7DADCCE6-462C-4B77-9A94-D716F0DF5CEB}
		{D37BC87F-6CCF-44EC-98B9-097737845A01} = {E4CAEC67-17D7-4528-ADA7-6EF5C65C344F}
		{830477CC-4674-4881-B8F5-94566DE5D0A8} = {E4CAEC67-17D7-4528-ADA7-6EF5C65C344F}
		{9F30B2D4-90C8-4CA9-9EA2-372E55BB4321} = {94730BC0-3232-465D-8EA3-145A9A694549}
	EndGlobalSection
	GlobalSection(ExtensibilityGlobals) = postSolution
		SolutionGuid = {3E72D7E4-2B9E-4181-882B-711B46CB69CD}
	EndGlobalSection
EndGlobal
